
Microsoft Visual Studio Solution File, Format Version 12.00
# Visual Studio Version 16
VisualStudioVersion = 16.0.31025.194
MinimumVisualStudioVersion = 10.0.40219.1
Project("{FAE04EC0-301F-11D3-BF4B-00C04F79EFBC}") = "linkQ", "linkQ\linkQ.csproj", "{DDFB5C3A-61AA-4D21-8398-C179AF756028}"
EndProject
Global
	GlobalSection(SolutionConfigurationPlatforms) = preSolution
		Debug|Any CPU = Debug|Any CPU
		Release|Any CPU = Release|Any CPU
	EndGlobalSection
	GlobalSection(ProjectConfigurationPlatforms) = postSolution
		{DDFB5C3A-61AA-4D21-8398-C179AF756028}.Debug|Any CPU.ActiveCfg = Debug|Any CPU
		{DDFB5C3A-61AA-4D21-8398-C179AF756028}.Debug|Any CPU.Build.0 = Debug|Any CPU
		{DDFB5C3A-61AA-4D21-8398-C179AF756028}.Release|Any CPU.ActiveCfg = Release|Any CPU
		{DDFB5C3A-61AA-4D21-8398-C179AF756028}.Release|Any CPU.Build.0 = Release|Any CPU
	EndGlobalSection
	GlobalSection(SolutionProperties) = preSolution
		HideSolutionNode = FALSE
	EndGlobalSection
	GlobalSection(ExtensibilityGlobals) = postSolution
		SolutionGuid = {204EA570-1E0B-4E19-922D-1F0652009B0A}
	EndGlobalSection
EndGlobal
