
Microsoft Visual Studio Solution File, Format Version 12.00
# Visual Studio Version 16
VisualStudioVersion = 16.0.31025.194
MinimumVisualStudioVersion = 10.0.40219.1
Project("{FAE04EC0-301F-11D3-BF4B-00C04F79EFBC}") = "UsandoControlesContenedores", "UsandoControlesContenedores\UsandoControlesContenedores.csproj", "{9AB17E3B-07F0-4316-9B22-57CBB140B839}"
EndProject
Global
	GlobalSection(SolutionConfigurationPlatforms) = preSolution
		Debug|Any CPU = Debug|Any CPU
		Release|Any CPU = Release|Any CPU
	EndGlobalSection
	GlobalSection(ProjectConfigurationPlatforms) = postSolution
		{9AB17E3B-07F0-4316-9B22-57CBB140B839}.Debug|Any CPU.ActiveCfg = Debug|Any CPU
		{9AB17E3B-07F0-4316-9B22-57CBB140B839}.Debug|Any CPU.Build.0 = Debug|Any CPU
		{9AB17E3B-07F0-4316-9B22-57CBB140B839}.Release|Any CPU.ActiveCfg = Release|Any CPU
		{9AB17E3B-07F0-4316-9B22-57CBB140B839}.Release|Any CPU.Build.0 = Release|Any CPU
	EndGlobalSection
	GlobalSection(SolutionProperties) = preSolution
		HideSolutionNode = FALSE
	EndGlobalSection
	GlobalSection(ExtensibilityGlobals) = postSolution
		SolutionGuid = {3A5BDEC9-E28C-4593-9B14-A7EF9B0C7C67}
	EndGlobalSection
EndGlobal
